<?xml version="1.0" encoding="utf-8"?>
<Project ToolsVersion="4.0" xmlns="http://schemas.microsoft.com/developer/msbuild/2003">
  <ItemGroup>
    <Filter Include="Source Files">
      <UniqueIdentifier>{4FC737F1-C7A5-4376-A066-2A32D752A2FF}</UniqueIdentifier>
      <Extensions>cpp;c;cc;cxx;def;odl;idl;hpj;bat;asm;asmx</Extensions>
    </Filter>
    <Filter Include="Header Files">
      <UniqueIdentifier>{93995380-89BD-4b04-88EB-625FBE52EBFB}</UniqueIdentifier>
      <Extensions>h;hh;hpp;hxx;hm;inl;inc;xsd</Extensions>
    </Filter>
    <Filter Include="Resource Files">
      <UniqueIdentifier>{67DA6AB6-F800-4c08-8B7A-83BB121AAD01}</UniqueIdentifier>
      <Extensions>qrc;rc;ico;cur;bmp;dlg;rc2;rct;bin;rgs;gif;jpg;jpeg;jpe;resx;tiff;tif;png;wav;mfcribbon-ms</Extensions>
    </Filter>
    <Filter Include="Form Files">
      <UniqueIdentifier>{99349809-55BA-4b9d-BF79-8FDBB0286EB3}</UniqueIdentifier>
      <Extensions>ui</Extensions>
    </Filter>
    <Filter Include="QtNodes">
      <UniqueIdentifier>{B5697A68-58FE-4652-ABE8-294BC729804F}</UniqueIdentifier>
    </Filter>
    <Filter Include="QtNodes\Src">
      <UniqueIdentifier>{B5697A69-58FE-4652-ABE8-294BC7298050}</UniqueIdentifier>
    </Filter>
    <Filter Include="QtNodes\Include">
      <UniqueIdentifier>{B5697A6A-58FE-4652-ABE8-294BC7298051}</UniqueIdentifier>
    </Filter>
  </ItemGroup>
  <ItemGroup>
    <ClCompile Include="main.cpp">
      <Filter>Source Files</Filter>
    </ClCompile>
    <ClCompile Include="tinyxmlparser.cpp">
      <Filter>Source Files</Filter>
    </ClCompile>
    <ClCompile Include="tinyxmlerror.cpp">
      <Filter>Source Files</Filter>
    </ClCompile>
    <ClCompile Include="MyThread.cpp">
      <Filter>Source Files</Filter>
    </ClCompile>
    <ClCompile Include="Filter_ui.cpp">
      <Filter>Source Files</Filter>
    </ClCompile>
    <ClCompile Include="MainWindow.cpp">
      <Filter>Source Files</Filter>
    </ClCompile>
    <ClCompile Include="Interferometric_Formation.cpp">
      <Filter>Source Files</Filter>
    </ClCompile>
    <ClCompile Include="Cut.cpp">
      <Filter>Source Files</Filter>
    </ClCompile>
    <ClCompile Include="Registration_ui.cpp">
      <Filter>Source Files</Filter>
    </ClCompile>
    <ClCompile Include="Import_TSX.cpp">
      <Filter>Source Files</Filter>
    </ClCompile>
    <ClCompile Include="treeview.cpp">
      <Filter>Source Files</Filter>
    </ClCompile>
    <ClCompile Include="OpenProject.cpp">
      <Filter>Source Files</Filter>
    </ClCompile>
    <ClCompile Include="NewProject.cpp">
      <Filter>Source Files</Filter>
    </ClCompile>
    <ClCompile Include="ImageView.cpp">
      <Filter>Source Files</Filter>
    </ClCompile>
    <ClCompile Include="tinystr.cpp">
      <Filter>Source Files</Filter>
    </ClCompile>
    <ClCompile Include="tinyxml.cpp">
      <Filter>Source Files</Filter>
    </ClCompile>
    <ClCompile Include="Dem_ui.cpp">
      <Filter>Source Files</Filter>
    </ClCompile>
    <ClCompile Include="Unwrap_ui.cpp">
      <Filter>Source Files</Filter>
    </ClCompile>
    <ClCompile Include="import_sentinel.cpp">
      <Filter>Source Files</Filter>
    </ClCompile>
    <ClCompile Include="InSAR_IPC.cpp">
      <Filter>Source Files</Filter>
    </ClCompile>
    <ClCompile Include="Baseline.cpp">
      <Filter>Source Files</Filter>
    </ClCompile>
    <ClCompile Include="Coordinate.cpp">
      <Filter>Source Files</Filter>
    </ClCompile>
    <ClCompile Include="S1_TOPS_BackGeocoding.cpp">
      <Filter>Source Files</Filter>
    </ClCompile>
    <ClCompile Include="S1_Deburst.cpp">
      <Filter>Source Files</Filter>
    </ClCompile>
    <ClCompile Include="SLC_deramp.cpp">
      <Filter>Source Files</Filter>
    </ClCompile>
    <ClCompile Include="Baseline_Formation.cpp">
      <Filter>Source Files</Filter>
    </ClCompile>
    <ClCompile Include="Baseline_Preview.cpp">
      <Filter>Source Files</Filter>
    </ClCompile>
    <ClCompile Include="ColorBar.cpp">
      <Filter>Source Files</Filter>
    </ClCompile>
    <ClCompile Include="SBAS_time_series_analysis.cpp">
      <Filter>Source Files</Filter>
    </ClCompile>
    <ClCompile Include="Preview_Window.cpp">
      <Filter>Source Files</Filter>
    </ClCompile>
    <ClCompile Include="Deformation_Average.cpp">
      <Filter>Source Files</Filter>
    </ClCompile>
    <ClCompile Include="Deformation_Preview_Window.cpp">
      <Filter>Source Files</Filter>
    </ClCompile>
    <ClCompile Include="SBAS_reference_reselection.cpp">
      <Filter>Source Files</Filter>
    </ClCompile>
    <ClCompile Include="reselection_view.cpp">
      <Filter>Source Files</Filter>
    </ClCompile>
    <ClCompile Include="Export_KML.cpp">
      <Filter>Source Files</Filter>
    </ClCompile>
    <ClCompile Include="Geocoding.cpp">
      <Filter>Source Files</Filter>
    </ClCompile>
    <ClCompile Include="S1_swath_merge.cpp">
      <Filter>Source Files</Filter>
    </ClCompile>
    <ClCompile Include="S1_frame_merge.cpp">
      <Filter>Source Files</Filter>
    </ClCompile>
    <ClCompile Include="import_CSK.cpp">
      <Filter>Source Files</Filter>
    </ClCompile>
    <ClCompile Include="import_ALOS2.cpp">
      <Filter>Source Files</Filter>
    </ClCompile>
    <ClCompile Include="NodeEditorWindow.cpp">
      <Filter>Source Files</Filter>
    </ClCompile>
    <ClCompile Include="NodeModels.cpp">
      <Filter>Source Files</Filter>
    </ClCompile>
    <ClCompile Include="TestNodes.cpp">
      <Filter>Source Files</Filter>
    </ClCompile>
    <ClCompile Include="ImportNodeBase.cpp">
      <Filter>Source Files</Filter>
    </ClCompile>
    <ClCompile Include="ALOS2ImportNode.cpp">
      <Filter>Source Files</Filter>
    </ClCompile>
    <ClCompile Include="CSKImportNode.cpp">
      <Filter>Source Files</Filter>
    </ClCompile>
    <ClCompile Include="S1DeburstNode.cpp">
      <Filter>Source Files</Filter>
    </ClCompile>
    <ClCompile Include="S1FrameMergeNode.cpp">
      <Filter>Source Files</Filter>
    </ClCompile>
    <ClCompile Include="S1SwathMergeNode.cpp">
      <Filter>Source Files</Filter>
    </ClCompile>
    <ClCompile Include="Sentinel1BatchImportNode.cpp">
      <Filter>Source Files</Filter>
    </ClCompile>
    <ClCompile Include="Sentinel1ImportNode.cpp">
      <Filter>Source Files</Filter>
    </ClCompile>
    <ClCompile Include="TSXBatchImportNode.cpp">
      <Filter>Source Files</Filter>
    </ClCompile>
    <ClCompile Include="TSXImportNode.cpp">
      <Filter>Source Files</Filter>
    </ClCompile>
    <ClCompile Include="QtNodes\src\AbstractGraphModel.cpp">
      <Filter>QtNodes\Src</Filter>
    </ClCompile>
    <ClCompile Include="QtNodes\src\AbstractNodeGeometry.cpp">
      <Filter>QtNodes\Src</Filter>
    </ClCompile>
    <ClCompile Include="QtNodes\src\BasicGraphicsScene.cpp">
      <Filter>QtNodes\Src</Filter>
    </ClCompile>
    <ClCompile Include="QtNodes\src\ConnectionGraphicsObject.cpp">
      <Filter>QtNodes\Src</Filter>
    </ClCompile>
    <ClCompile Include="QtNodes\src\ConnectionState.cpp">
      <Filter>QtNodes\Src</Filter>
    </ClCompile>
    <ClCompile Include="QtNodes\src\ConnectionStyle.cpp">
      <Filter>QtNodes\Src</Filter>
    </ClCompile>
    <ClCompile Include="QtNodes\src\DataFlowGraphicsScene.cpp">
      <Filter>QtNodes\Src</Filter>
    </ClCompile>
    <ClCompile Include="QtNodes\src\DataFlowGraphModel.cpp">
      <Filter>QtNodes\Src</Filter>
    </ClCompile>
    <ClCompile Include="QtNodes\src\DefaultConnectionPainter.cpp">
      <Filter>QtNodes\Src</Filter>
    </ClCompile>
    <ClCompile Include="QtNodes\src\DefaultHorizontalNodeGeometry.cpp">
      <Filter>QtNodes\Src</Filter>
    </ClCompile>
    <ClCompile Include="QtNodes\src\DefaultNodePainter.cpp">
      <Filter>QtNodes\Src</Filter>
    </ClCompile>
    <ClCompile Include="QtNodes\src\Definitions.cpp">
      <Filter>QtNodes\Src</Filter>
    </ClCompile>
    <ClCompile Include="QtNodes\src\GraphicsView.cpp">
      <Filter>QtNodes\Src</Filter>
    </ClCompile>
    <ClCompile Include="QtNodes\src\GraphicsViewStyle.cpp">
      <Filter>QtNodes\Src</Filter>
    </ClCompile>
    <ClCompile Include="QtNodes\src\locateNode.cpp">
      <Filter>QtNodes\Src</Filter>
    </ClCompile>
    <ClCompile Include="QtNodes\src\NodeConnectionInteraction.cpp">
      <Filter>QtNodes\Src</Filter>
    </ClCompile>
    <ClCompile Include="QtNodes\src\NodeDelegateModel.cpp">
      <Filter>QtNodes\Src</Filter>
    </ClCompile>
    <ClCompile Include="QtNodes\src\NodeDelegateModelRegistry.cpp">
      <Filter>QtNodes\Src</Filter>
    </ClCompile>
    <ClCompile Include="QtNodes\src\NodeGraphicsObject.cpp">
      <Filter>QtNodes\Src</Filter>
    </ClCompile>
    <ClCompile Include="QtNodes\src\NodeState.cpp">
      <Filter>QtNodes\Src</Filter>
    </ClCompile>
    <ClCompile Include="QtNodes\src\NodeStyle.cpp">
      <Filter>QtNodes\Src</Filter>
    </ClCompile>
    <ClCompile Include="QtNodes\src\StyleCollection.cpp">
      <Filter>QtNodes\Src</Filter>
    </ClCompile>
    <ClCompile Include="QtNodes\src\UndoCommands.cpp">
      <Filter>QtNodes\Src</Filter>
    </ClCompile>
    <ClCompile Include="QtNodes\src\DefaultVerticalNodeGeometry.cpp">
      <Filter>QtNodes\Src</Filter>
    </ClCompile>
    <ClCompile Include="NodeGroupManager.cpp">
      <Filter>Source Files</Filter>
    </ClCompile>
    <ClCompile Include="NoteNode.cpp">
      <Filter>Source Files</Filter>
    </ClCompile>
    <ClCompile Include="RightPanel.cpp">
      <Filter>Source Files</Filter>
    </ClCompile>
  </ItemGroup>
  <ItemGroup>
    <QtMoc Include="include\Cut.h">
      <Filter>Header Files</Filter>
    </QtMoc>
    <QtMoc Include="include\Filter_ui.h">
      <Filter>Header Files</Filter>
    </QtMoc>
    <QtMoc Include="include\ImageView.h">
      <Filter>Header Files</Filter>
    </QtMoc>
    <QtMoc Include="include\Import_TSX.h">
      <Filter>Header Files</Filter>
    </QtMoc>
    <QtMoc Include="include\Interferometric_Formation.h">
      <Filter>Header Files</Filter>
    </QtMoc>
    <QtMoc Include="include\MainWindow.h">
      <Filter>Header Files</Filter>
    </QtMoc>
    <QtMoc Include="include\MyThread.h">
      <Filter>Header Files</Filter>
    </QtMoc>
    <QtMoc Include="include\NewProject.h">
      <Filter>Header Files</Filter>
    </QtMoc>
    <QtMoc Include="include\OpenProject.h">
      <Filter>Header Files</Filter>
    </QtMoc>
    <QtMoc Include="include\QtWidgetsApplication3.h">
      <Filter>Header Files</Filter>
    </QtMoc>
    <QtMoc Include="include\Registration_ui.h">
      <Filter>Header Files</Filter>
    </QtMoc>
    <QtMoc Include="include\treeview.h">
      <Filter>Header Files</Filter>
    </QtMoc>
    <QtMoc Include="include\Dem_ui.h">
      <Filter>Header Files</Filter>
    </QtMoc>
    <QtMoc Include="include\Unwrap_ui.h">
      <Filter>Header Files</Filter>
    </QtMoc>
    <QtMoc Include="include\import_sentinel.h">
      <Filter>Header Files</Filter>
    </QtMoc>
    <QtMoc Include="include\Baseline.h">
      <Filter>Header Files</Filter>
    </QtMoc>
    <QtMoc Include="include\Coordinate.h">
      <Filter>Header Files</Filter>
    </QtMoc>
    <QtMoc Include="include\S1_TOPS_BackGeocoding.h">
      <Filter>Header Files</Filter>
    </QtMoc>
    <QtMoc Include="include\S1_Deburst.h">
      <Filter>Header Files</Filter>
    </QtMoc>
    <QtMoc Include="include\SLC_deramp.h">
      <Filter>Header Files</Filter>
    </QtMoc>
    <QtMoc Include="include\Baseline_Formation.h">
      <Filter>Header Files</Filter>
    </QtMoc>
    <QtMoc Include="include\Baseline_Preview.h">
      <Filter>Header Files</Filter>
    </QtMoc>
    <QtMoc Include="include\ColorBar.h">
      <Filter>Header Files</Filter>
    </QtMoc>
    <QtMoc Include="include\SBAS_time_series_analysis.h">
      <Filter>Header Files</Filter>
    </QtMoc>
    <QtMoc Include="include\Preview_Window.h">
      <Filter>Header Files</Filter>
    </QtMoc>
    <QtMoc Include="include\Deformation_Average.h">
      <Filter>Header Files</Filter>
    </QtMoc>
    <QtMoc Include="include\Deformation_Preview_Window.h">
      <Filter>Header Files</Filter>
    </QtMoc>
    <QtMoc Include="include\SBAS_reference_reselection.h">
      <Filter>Header Files</Filter>
    </QtMoc>
    <QtMoc Include="include\reselection_view.h">
      <Filter>Header Files</Filter>
    </QtMoc>
    <QtMoc Include="include\Export_KML.h">
      <Filter>Header Files</Filter>
    </QtMoc>
    <QtMoc Include="include\Geocoding.h">
      <Filter>Header Files</Filter>
    </QtMoc>
    <QtMoc Include="include\S1_swath_merge.h">
      <Filter>Header Files</Filter>
    </QtMoc>
    <QtMoc Include="include\S1_frame_merge.h">
      <Filter>Header Files</Filter>
    </QtMoc>
    <QtMoc Include="include\import_CSK.h">
      <Filter>Header Files</Filter>
    </QtMoc>
    <QtMoc Include="include\import_ALOS2.h">
      <Filter>Header Files</Filter>
    </QtMoc>
    <QtMoc Include="include\ALOS2ImportNode.h">
      <Filter>Header Files</Filter>
    </QtMoc>
    <QtMoc Include="include\CSKImportNode.h">
      <Filter>Header Files</Filter>
    </QtMoc>
    <QtMoc Include="include\S1DeburstNode.h">
      <Filter>Header Files</Filter>
    </QtMoc>
    <QtMoc Include="include\S1FrameMergeNode.h">
      <Filter>Header Files</Filter>
    </QtMoc>
    <QtMoc Include="include\S1SwathMergeNode.h">
      <Filter>Header Files</Filter>
    </QtMoc>
    <QtMoc Include="include\Sentinel1BatchImportNode.h">
      <Filter>Header Files</Filter>
    </QtMoc>
    <QtMoc Include="include\Sentinel1ImportNode.h">
      <Filter>Header Files</Filter>
    </QtMoc>
    <QtMoc Include="include\SLC_deramp.h">
      <Filter>Header Files</Filter>
    </QtMoc>
    <QtMoc Include="include\TestNodes.h">
      <Filter>Header Files</Filter>
    </QtMoc>
    <QtMoc Include="include\TSXBatchImportNode.h">
      <Filter>Header Files</Filter>
    </QtMoc>
    <QtMoc Include="include\TSXImportNode.h">
      <Filter>Header Files</Filter>
    </QtMoc>
    <QtMoc Include="include\NodeEditorWindow.h">
      <Filter>Header Files</Filter>
    </QtMoc>
    <QtMoc Include="include\ImportNodeBase.h">
      <Filter>Header Files</Filter>
    </QtMoc>
    <QtMoc Include="include\QtNodes\internal\Definitions.hpp">
      <Filter>QtNodes\Include</Filter>
    </QtMoc>
    <QtMoc Include="include\QtNodes\internal\AbstractGraphModel.hpp">
      <Filter>QtNodes\Include</Filter>
    </QtMoc>
    <QtMoc Include="include\QtNodes\internal\BasicGraphicsScene.hpp">
      <Filter>QtNodes\Include</Filter>
    </QtMoc>
    <QtMoc Include="include\QtNodes\internal\ConnectionGraphicsObject.hpp">
      <Filter>QtNodes\Include</Filter>
    </QtMoc>
    <QtMoc Include="include\QtNodes\internal\DataFlowGraphicsScene.hpp">
      <Filter>QtNodes\Include</Filter>
    </QtMoc>
    <QtMoc Include="include\QtNodes\internal\DataFlowGraphModel.hpp">
      <Filter>QtNodes\Include</Filter>
    </QtMoc>
    <QtMoc Include="include\QtNodes\internal\Definitions.hpp">
      <Filter>QtNodes\Include</Filter>
    </QtMoc>
    <QtMoc Include="include\QtNodes\internal\GraphicsView.hpp">
      <Filter>QtNodes\Include</Filter>
    </QtMoc>
    <QtMoc Include="include\QtNodes\internal\NodeDelegateModel.hpp">
      <Filter>QtNodes\Include</Filter>
    </QtMoc>
    <QtMoc Include="include\QtNodes\internal\NodeGraphicsObject.hpp">
      <Filter>QtNodes\Include</Filter>
    </QtMoc>
    <QtMoc Include="include\QtWidgetsApplication3.h">
      <Filter>QtNodes\Include</Filter>
    </QtMoc>
    <QtMoc Include="include\Registration_ui.h">
      <Filter>Header Files</Filter>
    </QtMoc>
    <QtMoc Include="include\reselection_view.h">
      <Filter>Header Files</Filter>
    </QtMoc>
    <QtMoc Include="include\S1_Deburst.h">
      <Filter>Header Files</Filter>
    </QtMoc>
    <QtMoc Include="include\S1_frame_merge.h">
      <Filter>Header Files</Filter>
    </QtMoc>
    <QtMoc Include="include\S1_swath_merge.h">
      <Filter>Header Files</Filter>
    </QtMoc>
    <QtMoc Include="include\S1DeburstNode.h">
      <Filter>Header Files</Filter>
    </QtMoc>
    <QtMoc Include="include\S1FrameMergeNode.h">
      <Filter>Header Files</Filter>
    </QtMoc>
    <QtMoc Include="include\S1SwathMergeNode.h">
      <Filter>Header Files</Filter>
    </QtMoc>
    <QtMoc Include="include\Sentinel1BatchImportNode.h">
      <Filter>Header Files</Filter>
    </QtMoc>
    <QtMoc Include="include\Sentinel1ImportNode.h">
      <Filter>Header Files</Filter>
    </QtMoc>
    <QtMoc Include="LeftSidebar.cpp">
      <Filter>Source Files</Filter>
    </QtMoc>
    <QtMoc Include="include\LeftSidebar.h">
      <Filter>Header Files</Filter>
    </QtMoc>
    <QtMoc Include="include\NodeGroupManager.h">
      <Filter>Header Files</Filter>
    </QtMoc>
    <QtMoc Include="include\NoteNode.h">
      <Filter>Header Files</Filter>
    </QtMoc>
    <QtMoc Include="include\RightPanel.h">
      <Filter>Header Files</Filter>
    </QtMoc>
  </ItemGroup>
  <ItemGroup>
    <QtUic Include="ui\Filter_ui.ui">
      <Filter>Form Files</Filter>
    </QtUic>
    <QtUic Include="ui\Import_TSX.ui">
      <Filter>Form Files</Filter>
    </QtUic>
    <QtUic Include="ui\Interferometric_Formation.ui">
      <Filter>Form Files</Filter>
    </QtUic>
    <QtUic Include="ui\MainWindow.ui">
      <Filter>Form Files</Filter>
    </QtUic>
    <QtUic Include="ui\NewProject.ui">
      <Filter>Form Files</Filter>
    </QtUic>
    <QtUic Include="ui\OpenProject.ui">
      <Filter>Form Files</Filter>
    </QtUic>
    <QtUic Include="ui\QtWidgetsApplication3.ui">
      <Filter>Form Files</Filter>
    </QtUic>
    <QtUic Include="ui\Registration_ui.ui">
      <Filter>Form Files</Filter>
    </QtUic>
    <QtUic Include="ui\Cut.ui">
      <Filter>Form Files</Filter>
    </QtUic>
    <QtUic Include="ui\Dem_ui.ui">
      <Filter>Form Files</Filter>
    </QtUic>
    <QtUic Include="ui\Unwrap_ui.ui">
      <Filter>Form Files</Filter>
    </QtUic>
    <QtUic Include="ui\import_sentinel.ui">
      <Filter>Form Files</Filter>
    </QtUic>
    <QtUic Include="ui\Baseline.ui">
      <Filter>Form Files</Filter>
    </QtUic>
    <QtUic Include="ui\Coordinate.ui">
      <Filter>Form Files</Filter>
    </QtUic>
    <QtUic Include="ui\S1_TOPS_BackGeocoding.ui">
      <Filter>Form Files</Filter>
    </QtUic>
    <QtUic Include="ui\S1_Deburst.ui">
      <Filter>Form Files</Filter>
    </QtUic>
    <QtUic Include="ui\SLC_deramp.ui">
      <Filter>Form Files</Filter>
    </QtUic>
    <QtUic Include="ui\Baseline_Formation.ui">
      <Filter>Form Files</Filter>
    </QtUic>
    <QtUic Include="ui\SBAS_time_series_analysis.ui">
      <Filter>Form Files</Filter>
    </QtUic>
    <QtUic Include="ui\Deformation_Average.ui">
      <Filter>Form Files</Filter>
    </QtUic>
    <QtUic Include="ui\SBAS_reference_reselection.ui">
      <Filter>Form Files</Filter>
    </QtUic>
    <QtUic Include="ui\Export_KML.ui">
      <Filter>Form Files</Filter>
    </QtUic>
    <QtUic Include="ui\Geocoding.ui">
      <Filter>Form Files</Filter>
    </QtUic>
    <QtUic Include="ui\S1_swath_merge.ui">
      <Filter>Form Files</Filter>
    </QtUic>
    <QtUic Include="ui\S1_frame_merge.ui">
      <Filter>Form Files</Filter>
    </QtUic>
    <QtUic Include="ui\import_CSK.ui">
      <Filter>Form Files</Filter>
    </QtUic>
    <QtUic Include="ui\import_ALOS2.ui">
      <Filter>Form Files</Filter>
    </QtUic>
    <QtUic Include="ui\S1_Deburst.ui">
      <Filter>Form Files</Filter>
    </QtUic>
    <QtUic Include="ui\S1_frame_merge.ui">
      <Filter>Form Files</Filter>
    </QtUic>
    <QtUic Include="ui\S1_swath_merge.ui">
      <Filter>Form Files</Filter>
    </QtUic>
    <QtUic Include="ui\SBAS_reference_reselection.ui">
      <Filter>Form Files</Filter>
    </QtUic>
    <QtUic Include="ui\SBAS_time_series_analysis.ui">
      <Filter>Form Files</Filter>
    </QtUic>
    <QtUic Include="ui\SLC_deramp.ui">
      <Filter>Form Files</Filter>
    </QtUic>
    <QtUic Include="ui\Unwrap_ui.ui">
      <Filter>Form Files</Filter>
    </QtUic>
  </ItemGroup>
  <ItemGroup>
    <ClInclude Include="include\tinystr.h">
      <Filter>Header Files</Filter>
    </ClInclude>
    <ClInclude Include="include\tinyxml.h">
      <Filter>Header Files</Filter>
    </ClInclude>
    <ClInclude Include="include\icon_source.h">
      <Filter>Header Files</Filter>
    </ClInclude>
    <ClInclude Include="include\InSAR_IPC.h">
      <Filter>Header Files</Filter>
    </ClInclude>
    <ClInclude Include="include\NodeDataTypes.h">
      <Filter>Header Files</Filter>
    </ClInclude>
    <ClInclude Include="include\NodeModels.h">
      <Filter>Header Files</Filter>
    </ClInclude>
    <ClInclude Include="include\ImportDataTypes.h">
      <Filter>Header Files</Filter>
    </ClInclude>
    <ClInclude Include="include\QtNodes\internal\AbstractConnectionPainter.hpp">
      <Filter>QtNodes\Include</Filter>
    </ClInclude>
    <ClInclude Include="include\QtNodes\internal\AbstractNodeGeometry.hpp">
      <Filter>QtNodes\Include</Filter>
    </ClInclude>
    <ClInclude Include="include\QtNodes\internal\AbstractNodePainter.hpp">
      <Filter>QtNodes\Include</Filter>
    </ClInclude>
    <ClInclude Include="include\QtNodes\internal\ConnectionIdHash.hpp">
      <Filter>QtNodes\Include</Filter>
    </ClInclude>
    <ClInclude Include="include\QtNodes\internal\ConnectionIdUtils.hpp">
      <Filter>QtNodes\Include</Filter>
    </ClInclude>
    <ClInclude Include="include\QtNodes\internal\ConnectionState.hpp">
      <Filter>QtNodes\Include</Filter>
    </ClInclude>
    <ClInclude Include="include\QtNodes\internal\ConnectionStyle.hpp">
      <Filter>QtNodes\Include</Filter>
    </ClInclude>
    <ClInclude Include="include\QtNodes\internal\DefaultConnectionPainter.hpp">
      <Filter>QtNodes\Include</Filter>
    </ClInclude>
    <ClInclude Include="include\QtNodes\internal\DefaultHorizontalNodeGeometry.hpp">
      <Filter>QtNodes\Include</Filter>
    </ClInclude>
    <ClInclude Include="include\QtNodes\internal\DefaultNodePainter.hpp">
      <Filter>QtNodes\Include</Filter>
    </ClInclude>
    <ClInclude Include="include\QtNodes\internal\DefaultVerticalNodeGeometry.hpp">
      <Filter>QtNodes\Include</Filter>
    </ClInclude>
    <ClInclude Include="include\QtNodes\internal\Export.hpp">
      <Filter>QtNodes\Include</Filter>
    </ClInclude>
    <ClInclude Include="include\QtNodes\internal\GraphicsViewStyle.hpp">
      <Filter>QtNodes\Include</Filter>
    </ClInclude>
    <ClInclude Include="include\QtNodes\internal\locateNode.hpp">
      <Filter>QtNodes\Include</Filter>
    </ClInclude>
    <ClInclude Include="include\QtNodes\internal\NodeConnectionInteraction.hpp">
      <Filter>QtNodes\Include</Filter>
    </ClInclude>
    <ClInclude Include="include\QtNodes\internal\NodeData.hpp">
      <Filter>QtNodes\Include</Filter>
    </ClInclude>
    <ClInclude Include="include\QtNodes\internal\NodeDelegateModelRegistry.hpp">
      <Filter>QtNodes\Include</Filter>
    </ClInclude>
    <ClInclude Include="include\QtNodes\internal\NodeState.hpp">
      <Filter>QtNodes\Include</Filter>
    </ClInclude>
    <ClInclude Include="include\QtNodes\internal\NodeStyle.hpp">
      <Filter>QtNodes\Include</Filter>
    </ClInclude>
    <ClInclude Include="include\QtNodes\internal\OperatingSystem.hpp">
      <Filter>QtNodes\Include</Filter>
    </ClInclude>
    <ClInclude Include="include\QtNodes\internal\QUuidStdHash.hpp">
      <Filter>QtNodes\Include</Filter>
    </ClInclude>
    <ClInclude Include="include\QtNodes\internal\QStringStdHash.hpp">
      <Filter>QtNodes\Include</Filter>
    </ClInclude>
    <ClInclude Include="include\QtNodes\internal\Serializable.hpp">
      <Filter>QtNodes\Include</Filter>
    </ClInclude>
    <ClInclude Include="include\QtNodes\internal\Style.hpp">
      <Filter>QtNodes\Include</Filter>
    </ClInclude>
    <ClInclude Include="include\QtNodes\internal\StyleCollection.hpp">
      <Filter>QtNodes\Include</Filter>
    </ClInclude>
    <ClInclude Include="include\QtNodes\internal\UndoCommands.hpp">
      <Filter>QtNodes\Include</Filter>
    </ClInclude>
    <ClInclude Include="resource.h">
      <Filter>Header Files</Filter>
    </ClInclude>
  </ItemGroup>
  <ItemGroup>
    <Image Include="resources\icon\InSARapp.ico">
      <Filter>Resource Files</Filter>
    </Image>
  </ItemGroup>
  <ItemGroup>
    <None Include="resources\DefaultStyle.json">
      <Filter>Resource Files</Filter>
    </None>
  </ItemGroup>
  <ItemGroup>
    <ResourceCompile Include="resources\QtWidgetsApplication3.rc">
      <Filter>Resource Files</Filter>
    </ResourceCompile>
  </ItemGroup>
  <ItemGroup>
    <QtRcc Include="resources\QtWidgetsApplication3.qrc">
      <Filter>Resource Files</Filter>
    </QtRcc>
  </ItemGroup>
</Project>