<?xml version="1.0" encoding="utf-8"?>
<Project ToolsVersion="4.0" xmlns="http://schemas.microsoft.com/developer/msbuild/2003">
  <ItemGroup>
    <Filter Include="Source Files">
      <UniqueIdentifier>{4FC737F1-C7A5-4376-A066-2A32D752A2FF}</UniqueIdentifier>
      <Extensions>cpp;c;cc;cxx;def;odl;idl;hpj;bat;asm;asmx</Extensions>
    </Filter>
    <Filter Include="Header Files">
      <UniqueIdentifier>{93995380-89BD-4b04-88EB-625FBE52EBFB}</UniqueIdentifier>
      <Extensions>h;hh;hpp;hxx;hm;inl;inc;xsd</Extensions>
    </Filter>
    <Filter Include="Resource Files">
      <UniqueIdentifier>{67DA6AB6-F800-4c08-8B7A-83BB121AAD01}</UniqueIdentifier>
      <Extensions>qrc;rc;ico;cur;bmp;dlg;rc2;rct;bin;rgs;gif;jpg;jpeg;jpe;resx;tiff;tif;png;wav;mfcribbon-ms</Extensions>
    </Filter>
    <Filter Include="Form Files">
      <UniqueIdentifier>{99349809-55BA-4b9d-BF79-8FDBB0286EB3}</UniqueIdentifier>
      <Extensions>ui</Extensions>
    </Filter>
    <Filter Include="QtNodes">
      <UniqueIdentifier>{B5697A68-58FE-4652-ABE8-294BC729804F}</UniqueIdentifier>
    </Filter>
    <Filter Include="QtNodes\Src">
      <UniqueIdentifier>{B5697A69-58FE-4652-ABE8-294BC7298050}</UniqueIdentifier>
    </Filter>
    <Filter Include="QtNodes\Include">
      <UniqueIdentifier>{B5697A6A-58FE-4652-ABE8-294BC7298051}</UniqueIdentifier>
    </Filter>
    <Filter Include="ADS">
      <UniqueIdentifier>{B5697A6B-58FE-4652-ABE8-294BC7298052}</UniqueIdentifier>
    </Filter>
    <Filter Include="ADS\Src">
      <UniqueIdentifier>{B5697A6C-58FE-4652-ABE8-294BC7298053}</UniqueIdentifier>
    </Filter>
    <Filter Include="ADS\Include">
      <UniqueIdentifier>{B5697A6D-58FE-4652-ABE8-294BC7298054}</UniqueIdentifier>
    </Filter>
  </ItemGroup>
  <ItemGroup>
    <ClCompile Include="main.cpp">
      <Filter>Source Files</Filter>
    </ClCompile>
    <ClCompile Include="tinyxmlparser.cpp">
      <Filter>Source Files</Filter>
    </ClCompile>
    <ClCompile Include="tinyxmlerror.cpp">
      <Filter>Source Files</Filter>
    </ClCompile>
    <ClCompile Include="MyThread.cpp">
      <Filter>Source Files</Filter>
    </ClCompile>
    <ClCompile Include="Sentinel1ImportHelper.cpp">
      <Filter>Source Files</Filter>
    </ClCompile>
    <ClCompile Include="Filter_ui.cpp">
      <Filter>Source Files</Filter>
    </ClCompile>
    <ClCompile Include="MainWindow.cpp">
      <Filter>Source Files</Filter>
    </ClCompile>
    <ClCompile Include="Interferometric_Formation.cpp">
      <Filter>Source Files</Filter>
    </ClCompile>
    <ClCompile Include="Cut.cpp">
      <Filter>Source Files</Filter>
    </ClCompile>
    <ClCompile Include="Registration_ui.cpp">
      <Filter>Source Files</Filter>
    </ClCompile>
    <ClCompile Include="Import_TSX.cpp">
      <Filter>Source Files</Filter>
    </ClCompile>
    <ClCompile Include="treeview.cpp">
      <Filter>Source Files</Filter>
    </ClCompile>
    <ClCompile Include="OpenProject.cpp">
      <Filter>Source Files</Filter>
    </ClCompile>
    <ClCompile Include="NewProject.cpp">
      <Filter>Source Files</Filter>
    </ClCompile>
    <ClCompile Include="ImageView.cpp">
      <Filter>Source Files</Filter>
    </ClCompile>
    <ClCompile Include="tinystr.cpp">
      <Filter>Source Files</Filter>
    </ClCompile>
    <ClCompile Include="tinyxml.cpp">
      <Filter>Source Files</Filter>
    </ClCompile>
    <ClCompile Include="Dem_ui.cpp">
      <Filter>Source Files</Filter>
    </ClCompile>
    <ClCompile Include="Unwrap_ui.cpp">
      <Filter>Source Files</Filter>
    </ClCompile>
    <ClCompile Include="import_sentinel.cpp">
      <Filter>Source Files</Filter>
    </ClCompile>
    <ClCompile Include="InSAR_IPC.cpp">
      <Filter>Source Files</Filter>
    </ClCompile>
    <ClCompile Include="Baseline.cpp">
      <Filter>Source Files</Filter>
    </ClCompile>
    <ClCompile Include="Coordinate.cpp">
      <Filter>Source Files</Filter>
    </ClCompile>
    <ClCompile Include="S1_TOPS_BackGeocoding.cpp">
      <Filter>Source Files</Filter>
    </ClCompile>
    <ClCompile Include="S1_Deburst.cpp">
      <Filter>Source Files</Filter>
    </ClCompile>
    <ClCompile Include="SLC_deramp.cpp">
      <Filter>Source Files</Filter>
    </ClCompile>
    <ClCompile Include="Baseline_Formation.cpp">
      <Filter>Source Files</Filter>
    </ClCompile>
    <ClCompile Include="Baseline_Preview.cpp">
      <Filter>Source Files</Filter>
    </ClCompile>
    <ClCompile Include="ColorBar.cpp">
      <Filter>Source Files</Filter>
    </ClCompile>
    <ClCompile Include="SBAS_time_series_analysis.cpp">
      <Filter>Source Files</Filter>
    </ClCompile>
    <ClCompile Include="Preview_Window.cpp">
      <Filter>Source Files</Filter>
    </ClCompile>
    <ClCompile Include="Deformation_Average.cpp">
      <Filter>Source Files</Filter>
    </ClCompile>
    <ClCompile Include="Deformation_Preview_Window.cpp">
      <Filter>Source Files</Filter>
    </ClCompile>
    <ClCompile Include="SBAS_reference_reselection.cpp">
      <Filter>Source Files</Filter>
    </ClCompile>
    <ClCompile Include="reselection_view.cpp">
      <Filter>Source Files</Filter>
    </ClCompile>
    <ClCompile Include="Export_KML.cpp">
      <Filter>Source Files</Filter>
    </ClCompile>
    <ClCompile Include="Geocoding.cpp">
      <Filter>Source Files</Filter>
    </ClCompile>
    <ClCompile Include="S1_swath_merge.cpp">
      <Filter>Source Files</Filter>
    </ClCompile>
    <ClCompile Include="S1_frame_merge.cpp">
      <Filter>Source Files</Filter>
    </ClCompile>
    <ClCompile Include="import_CSK.cpp">
      <Filter>Source Files</Filter>
    </ClCompile>
    <ClCompile Include="import_ALOS2.cpp">
      <Filter>Source Files</Filter>
    </ClCompile>
    <ClCompile Include="NodeModels.cpp">
      <Filter>Source Files</Filter>
    </ClCompile>
    <ClCompile Include="LoggerNode.cpp">
      <Filter>Source Files</Filter>
    </ClCompile>
    <ClCompile Include="InSARLogManager.cpp">
      <Filter>Source Files</Filter>
    </ClCompile>
    <ClCompile Include="TestNodes.cpp">
      <Filter>Source Files</Filter>
    </ClCompile>
    <ClCompile Include="ImportNodeBase.cpp">
      <Filter>Source Files</Filter>
    </ClCompile>
    <ClCompile Include="ALOS2ImportNode.cpp">
      <Filter>Source Files</Filter>
    </ClCompile>
    <ClCompile Include="GenericSARImportNode.cpp">
      <Filter>Source Files</Filter>
    </ClCompile>
    <ClCompile Include="GenericSARBatchImportNode.cpp">
      <Filter>Source Files</Filter>
    </ClCompile>
    <ClCompile Include="GeneralSARLoadingNode.cpp">
      <Filter>Source Files</Filter>
    </ClCompile>
    <ClCompile Include="SpeckleDenoiseNode.cpp">
      <Filter>Source Files</Filter>
    </ClCompile>
    <ClCompile Include="CoregistrationNode.cpp">
      <Filter>Source Files</Filter>
    </ClCompile>
    <ClCompile Include="CoregistrationWorker.cpp">
      <Filter>Source Files</Filter>
    </ClCompile>
    <ClCompile Include="BaselineWorker.cpp">
      <Filter>Source Files</Filter>
    </ClCompile>
    <ClCompile Include="BaselinePreviewNode.cpp">
      <Filter>Source Files</Filter>
    </ClCompile>
    <ClCompile Include="BaselineFormationNode.cpp">
      <Filter>Source Files</Filter>
    </ClCompile>
    <ClCompile Include="SBASTimeSeriesNode.cpp">
      <Filter>Source Files</Filter>
    </ClCompile>
    <ClCompile Include="SBASTimeSeriesWorker.cpp">
      <Filter>Source Files</Filter>
    </ClCompile>
    <ClCompile Include="SBASReferenceReselectionNode.cpp">
      <Filter>Source Files</Filter>
    </ClCompile>
    <ClCompile Include="SBASReferenceReselectionWorker.cpp">
      <Filter>Source Files</Filter>
    </ClCompile>
    <ClCompile Include="DeformationPreviewNode.cpp">
      <Filter>Source Files</Filter>
    </ClCompile>
    <ClCompile Include="ExportKMLNode.cpp">
      <Filter>Source Files</Filter>
    </ClCompile>
    <ClCompile Include="ExportKMLWorker.cpp">
      <Filter>Source Files</Filter>
    </ClCompile>
    <ClCompile Include="InterferometricFormationNode.cpp">
      <Filter>Source Files</Filter>
    </ClCompile>
    <ClCompile Include="InterferometricFormationWorker.cpp">
      <Filter>Source Files</Filter>
    </ClCompile>
    <ClCompile Include="DenoiseNode.cpp">
      <Filter>Source Files</Filter>
    </ClCompile>
    <ClCompile Include="DenoiseWorker.cpp">
      <Filter>Source Files</Filter>
    </ClCompile>
    <ClCompile Include="UnwrapNode.cpp">
      <Filter>Source Files</Filter>
    </ClCompile>
    <ClCompile Include="UnwrapWorker.cpp">
      <Filter>Source Files</Filter>
    </ClCompile>
    <ClCompile Include="DemNode.cpp">
      <Filter>Source Files</Filter>
    </ClCompile>
    <ClCompile Include="DemWorker.cpp">
      <Filter>Source Files</Filter>
    </ClCompile>
    <ClCompile Include="SLCDerampNode.cpp">
      <Filter>Source Files</Filter>
    </ClCompile>
    <ClCompile Include="SLCDerampWorker.cpp">
      <Filter>Source Files</Filter>
    </ClCompile>
    <ClCompile Include="TargetDetectionNode.cpp">
      <Filter>Source Files</Filter>
    </ClCompile>
    <ClCompile Include="ImageDisplayNode.cpp">
      <Filter>Source Files</Filter>
    </ClCompile>
    <ClCompile Include="CutWorker.cpp">
      <Filter>Source Files</Filter>
    </ClCompile>
    <ClCompile Include="CutNode.cpp">
      <Filter>Source Files</Filter>
    </ClCompile>
    <ClCompile Include="CSKImportNode.cpp">
      <Filter>Source Files</Filter>
    </ClCompile>
    <ClCompile Include="S1DeburstNode.cpp">
      <Filter>Source Files</Filter>
    </ClCompile>
    <ClCompile Include="S1DeburstWorker.cpp">
      <Filter>Source Files</Filter>
    </ClCompile>
    <ClCompile Include="S1FrameMergeWorker.cpp">
      <Filter>Source Files</Filter>
    </ClCompile>
    <ClCompile Include="S1TopsBackGeocodingWorker.cpp">
      <Filter>Source Files</Filter>
    </ClCompile>
    <ClCompile Include="S1TopsBackGeocodingNode.cpp">
      <Filter>Source Files</Filter>
    </ClCompile>
    <ClCompile Include="S1FrameMergeNode.cpp">
      <Filter>Source Files</Filter>
    </ClCompile>
    <ClCompile Include="S1SwathMergeNode.cpp">
      <Filter>Source Files</Filter>
    </ClCompile>
    <ClCompile Include="S1SwathMergeWorker.cpp">
      <Filter>Source Files</Filter>
    </ClCompile>
    <ClCompile Include="Sentinel1BatchImportNode.cpp">
      <Filter>Source Files</Filter>
    </ClCompile>
    <ClCompile Include="Sentinel1ImportNode.cpp">
      <Filter>Source Files</Filter>
    </ClCompile>
    <ClCompile Include="TSXBatchImportNode.cpp">
      <Filter>Source Files</Filter>
    </ClCompile>
    <ClCompile Include="TSXImportNode.cpp">
      <Filter>Source Files</Filter>
    </ClCompile>
    <ClCompile Include="QtNodes\src\AbstractGraphModel.cpp">
      <Filter>QtNodes\Src</Filter>
    </ClCompile>
    <ClCompile Include="QtNodes\src\AbstractNodeGeometry.cpp">
      <Filter>QtNodes\Src</Filter>
    </ClCompile>
    <ClCompile Include="QtNodes\src\BasicGraphicsScene.cpp">
      <Filter>QtNodes\Src</Filter>
    </ClCompile>
    <ClCompile Include="QtNodes\src\ConnectionGraphicsObject.cpp">
      <Filter>QtNodes\Src</Filter>
    </ClCompile>
    <ClCompile Include="QtNodes\src\ConnectionState.cpp">
      <Filter>QtNodes\Src</Filter>
    </ClCompile>
    <ClCompile Include="QtNodes\src\ConnectionStyle.cpp">
      <Filter>QtNodes\Src</Filter>
    </ClCompile>
    <ClCompile Include="QtNodes\src\DataFlowGraphicsScene.cpp">
      <Filter>QtNodes\Src</Filter>
    </ClCompile>
    <ClCompile Include="QtNodes\src\DataFlowGraphModel.cpp">
      <Filter>QtNodes\Src</Filter>
    </ClCompile>
    <ClCompile Include="QtNodes\src\DefaultConnectionPainter.cpp">
      <Filter>QtNodes\Src</Filter>
    </ClCompile>
    <ClCompile Include="QtNodes\src\DefaultHorizontalNodeGeometry.cpp">
      <Filter>QtNodes\Src</Filter>
    </ClCompile>
    <ClCompile Include="QtNodes\src\DefaultNodePainter.cpp">
      <Filter>QtNodes\Src</Filter>
    </ClCompile>
    <ClCompile Include="QtNodes\src\Definitions.cpp">
      <Filter>QtNodes\Src</Filter>
    </ClCompile>
    <ClCompile Include="QtNodes\src\GraphicsView.cpp">
      <Filter>QtNodes\Src</Filter>
    </ClCompile>
    <ClCompile Include="QtNodes\src\GraphicsViewStyle.cpp">
      <Filter>QtNodes\Src</Filter>
    </ClCompile>
    <ClCompile Include="QtNodes\src\locateNode.cpp">
      <Filter>QtNodes\Src</Filter>
    </ClCompile>
    <ClCompile Include="QtNodes\src\NodeConnectionInteraction.cpp">
      <Filter>QtNodes\Src</Filter>
    </ClCompile>
    <ClCompile Include="QtNodes\src\NodeDelegateModel.cpp">
      <Filter>QtNodes\Src</Filter>
    </ClCompile>
    <ClCompile Include="QtNodes\src\NodeDelegateModelRegistry.cpp">
      <Filter>QtNodes\Src</Filter>
    </ClCompile>
    <ClCompile Include="QtNodes\src\NodeGraphicsObject.cpp">
      <Filter>QtNodes\Src</Filter>
    </ClCompile>
    <ClCompile Include="QtNodes\src\NodeState.cpp">
      <Filter>QtNodes\Src</Filter>
    </ClCompile>
    <ClCompile Include="QtNodes\src\NodeStyle.cpp">
      <Filter>QtNodes\Src</Filter>
    </ClCompile>
    <ClCompile Include="QtNodes\src\StyleCollection.cpp">
      <Filter>QtNodes\Src</Filter>
    </ClCompile>
    <ClCompile Include="QtNodes\src\UndoCommands.cpp">
      <Filter>QtNodes\Src</Filter>
    </ClCompile>
    <ClCompile Include="QtNodes\src\DefaultVerticalNodeGeometry.cpp">
      <Filter>QtNodes\Src</Filter>
    </ClCompile>
    <ClCompile Include="QtNodes\src\ExecutableDataFlowGraphModel.cpp">
      <Filter>QtNodes\Src</Filter>
    </ClCompile>
    <ClCompile Include="QtNodes\src\ExecutableNodeDelegateModel.cpp">
      <Filter>QtNodes\Src</Filter>
    </ClCompile>
    <ClCompile Include="QtNodes\src\ExecutableNodeGeometry.cpp">
      <Filter>QtNodes\Src</Filter>
    </ClCompile>
    <ClCompile Include="QtNodes\src\ExecutableNodePainter.cpp">
      <Filter>QtNodes\Src</Filter>
    </ClCompile>
    <ClCompile Include="QtNodes\src\NodeDataSnapshot.cpp">
      <Filter>QtNodes\Src</Filter>
    </ClCompile>
    <ClCompile Include="QtNodes\src\NodeDataSnapshotHelper.cpp">
      <Filter>QtNodes\Src</Filter>
    </ClCompile>
    <ClCompile Include="QtNodes\src\NodeDetailAnimationController.cpp">
      <Filter>QtNodes\Src</Filter>
    </ClCompile>
    <ClCompile Include="QtNodes\src\NodeDetailOverlay.cpp">
      <Filter>QtNodes\Src</Filter>
    </ClCompile>
    <ClCompile Include="QtNodes\src\NodeDetailWindow.cpp">
      <Filter>QtNodes\Src</Filter>
    </ClCompile>
    <ClCompile Include="NodeGroupManager.cpp">
      <Filter>Source Files</Filter>
    </ClCompile>
    <ClCompile Include="NoteNode.cpp">
      <Filter>Source Files</Filter>
    </ClCompile>
    <ClCompile Include="DockWidgets.cpp">
      <Filter>Source Files</Filter>
    </ClCompile>
    <ClCompile Include="ADS\ads_globals.cpp">
      <Filter>ADS\Src</Filter>
    </ClCompile>
    <ClCompile Include="ADS\AutoHideDockContainer.cpp">
      <Filter>ADS\Src</Filter>
    </ClCompile>
    <ClCompile Include="ADS\AutoHideSideBar.cpp">
      <Filter>ADS\Src</Filter>
    </ClCompile>
    <ClCompile Include="ADS\AutoHideTab.cpp">
      <Filter>ADS\Src</Filter>
    </ClCompile>
    <ClCompile Include="ADS\DockAreaTabBar.cpp">
      <Filter>ADS\Src</Filter>
    </ClCompile>
    <ClCompile Include="ADS\DockAreaTitleBar.cpp">
      <Filter>ADS\Src</Filter>
    </ClCompile>
    <ClCompile Include="ADS\DockAreaWidget.cpp">
      <Filter>ADS\Src</Filter>
    </ClCompile>
    <ClCompile Include="ADS\DockComponentsFactory.cpp">
      <Filter>ADS\Src</Filter>
    </ClCompile>
    <ClCompile Include="ADS\DockContainerWidget.cpp">
      <Filter>ADS\Src</Filter>
    </ClCompile>
    <ClCompile Include="ADS\DockFocusController.cpp">
      <Filter>ADS\Src</Filter>
    </ClCompile>
    <ClCompile Include="ADS\DockingStateReader.cpp">
      <Filter>ADS\Src</Filter>
    </ClCompile>
    <ClCompile Include="ADS\DockManager.cpp">
      <Filter>ADS\Src</Filter>
    </ClCompile>
    <ClCompile Include="ADS\DockOverlay.cpp">
      <Filter>ADS\Src</Filter>
    </ClCompile>
    <ClCompile Include="ADS\DockSplitter.cpp">
      <Filter>ADS\Src</Filter>
    </ClCompile>
    <ClCompile Include="ADS\DockWidget.cpp">
      <Filter>ADS\Src</Filter>
    </ClCompile>
    <ClCompile Include="ADS\DockWidgetTab.cpp">
      <Filter>ADS\Src</Filter>
    </ClCompile>
    <ClCompile Include="ADS\ElidingLabel.cpp">
      <Filter>ADS\Src</Filter>
    </ClCompile>
    <ClCompile Include="ADS\FloatingDockContainer.cpp">
      <Filter>ADS\Src</Filter>
    </ClCompile>
    <ClCompile Include="ADS\FloatingDragPreview.cpp">
      <Filter>ADS\Src</Filter>
    </ClCompile>
    <ClCompile Include="ADS\IconProvider.cpp">
      <Filter>ADS\Src</Filter>
    </ClCompile>
    <ClCompile Include="ADS\PushButton.cpp">
      <Filter>ADS\Src</Filter>
    </ClCompile>
    <ClCompile Include="ADS\ResizeHandle.cpp">
      <Filter>ADS\Src</Filter>
    </ClCompile>
    <ClCompile Include="SpeckleDenoise.cpp">
      <Filter>Source Files</Filter>
    </ClCompile>
    <ClCompile Include="ClutterSuppression.cpp">
      <Filter>Source Files</Filter>
    </ClCompile>
    <ClCompile Include="BatchTargetRecognition.cpp">
      <Filter>Source Files</Filter>
    </ClCompile>
    <ClCompile Include="TargetDetection.cpp">
      <Filter>Source Files</Filter>
    </ClCompile>
    <ClCompile Include="basic2.cpp">
      <Filter>Source Files</Filter>
    </ClCompile>
    <ClCompile Include="diff_boxcount.cpp">
      <Filter>Source Files</Filter>
    </ClCompile>
    <ClCompile Include="Import_GenericSAR.cpp">
      <Filter>Source Files</Filter>
    </ClCompile>
    <ClCompile Include="BM3DWrapper.cpp">
      <Filter>Source Files</Filter>
    </ClCompile>
    <ClCompile Include="BM3D_cpp\bm3d.cpp">
      <Filter>Source Files</Filter>
    </ClCompile>
    <ClCompile Include="BM3D_cpp\bm3d_wiener.cpp">
      <Filter>Source Files</Filter>
    </ClCompile>
    <ClCompile Include="BM3D_cpp\group_3d.cpp">
      <Filter>Source Files</Filter>
    </ClCompile>
    <ClCompile Include="BM3D_cpp\patch_2d.cpp">
      <Filter>Source Files</Filter>
    </ClCompile>
    <ClCompile Include="BM3D_cpp\transform.cpp">
      <Filter>Source Files</Filter>
    </ClCompile>
    <ClCompile Include="InterfaceManager.cpp">
      <Filter>Source Files</Filter>
    </ClCompile>
    <ClCompile Include="WorkflowUI.cpp">
      <Filter>Source Files</Filter>
    </ClCompile>
    <ClCompile Include="WorkspaceUI.cpp">
      <Filter>Source Files</Filter>
    </ClCompile>
    <ClCompile Include="PaletteGraphicsView.cpp">
      <Filter>Source Files</Filter>
    </ClCompile>
    <ClCompile Include="WelcomeScreenUI.cpp">
      <Filter>Source Files</Filter>
    </ClCompile>
    <ClCompile Include="QtNodes\src\CardExecutableNodeDelegateModel.cpp">
      <Filter>Source Files</Filter>
    </ClCompile>
    <ClCompile Include="ClutterSuppressionNode.cpp">
      <Filter>Source Files</Filter>
    </ClCompile>
    <ClCompile Include="EvaluationENLNode.cpp">
      <Filter>Source Files</Filter>
    </ClCompile>
    <ClCompile Include="EvaluationSCRNode.cpp">
      <Filter>Source Files</Filter>
    </ClCompile>
    <ClCompile Include="TargetDetectionTask.cpp">
      <Filter>Source Files</Filter>
    </ClCompile>
    <ClCompile Include="SpeckleDenoiseTask.cpp">
      <Filter>Source Files</Filter>
    </ClCompile>
    <ClCompile Include="ClutterSuppressionTask.cpp">
      <Filter>Source Files</Filter>
    </ClCompile>
    <ClCompile Include="GenericSARImportTask.cpp">
      <Filter>Source Files</Filter>
    </ClCompile>
    <ClCompile Include="NodeTreeWidget.cpp">
      <Filter>Source Files</Filter>
    </ClCompile>
    <ClCompile Include="NodeUtils.cpp">
      <Filter>Source Files</Filter>
    </ClCompile>
  </ItemGroup>
  <ItemGroup>
    <QtMoc Include="include\Cut.h">
      <Filter>Header Files</Filter>
    </QtMoc>
    <QtMoc Include="include\Filter_ui.h">
      <Filter>Header Files</Filter>
    </QtMoc>
    <QtMoc Include="include\ImageView.h">
      <Filter>Header Files</Filter>
    </QtMoc>
    <QtMoc Include="include\Import_TSX.h">
      <Filter>Header Files</Filter>
    </QtMoc>
    <QtMoc Include="include\Interferometric_Formation.h">
      <Filter>Header Files</Filter>
    </QtMoc>
    <QtMoc Include="include\MainWindow.h">
      <Filter>Header Files</Filter>
    </QtMoc>
    <QtMoc Include="include\MyThread.h">
      <Filter>Header Files</Filter>
    </QtMoc>
    <QtMoc Include="include\NewProject.h">
      <Filter>Header Files</Filter>
    </QtMoc>
    <QtMoc Include="include\OpenProject.h">
      <Filter>Header Files</Filter>
    </QtMoc>
    <QtMoc Include="include\Registration_ui.h">
      <Filter>Header Files</Filter>
    </QtMoc>
    <QtMoc Include="include\treeview.h">
      <Filter>Header Files</Filter>
    </QtMoc>
    <QtMoc Include="include\Dem_ui.h">
      <Filter>Header Files</Filter>
    </QtMoc>
    <QtMoc Include="include\Unwrap_ui.h">
      <Filter>Header Files</Filter>
    </QtMoc>
    <QtMoc Include="include\import_sentinel.h">
      <Filter>Header Files</Filter>
    </QtMoc>
    <QtMoc Include="include\Baseline.h">
      <Filter>Header Files</Filter>
    </QtMoc>
    <QtMoc Include="include\Coordinate.h">
      <Filter>Header Files</Filter>
    </QtMoc>
    <QtMoc Include="include\S1_TOPS_BackGeocoding.h">
      <Filter>Header Files</Filter>
    </QtMoc>
    <QtMoc Include="include\S1_Deburst.h">
      <Filter>Header Files</Filter>
    </QtMoc>
    <QtMoc Include="include\SLC_deramp.h">
      <Filter>Header Files</Filter>
    </QtMoc>
    <QtMoc Include="include\Baseline_Formation.h">
      <Filter>Header Files</Filter>
    </QtMoc>
    <QtMoc Include="include\Baseline_Preview.h">
      <Filter>Header Files</Filter>
    </QtMoc>
    <QtMoc Include="include\ColorBar.h">
      <Filter>Header Files</Filter>
    </QtMoc>
    <QtMoc Include="include\SBAS_time_series_analysis.h">
      <Filter>Header Files</Filter>
    </QtMoc>
    <QtMoc Include="include\Preview_Window.h">
      <Filter>Header Files</Filter>
    </QtMoc>
    <QtMoc Include="include\Deformation_Average.h">
      <Filter>Header Files</Filter>
    </QtMoc>
    <QtMoc Include="include\Deformation_Preview_Window.h">
      <Filter>Header Files</Filter>
    </QtMoc>
    <QtMoc Include="include\SBAS_reference_reselection.h">
      <Filter>Header Files</Filter>
    </QtMoc>
    <QtMoc Include="include\reselection_view.h">
      <Filter>Header Files</Filter>
    </QtMoc>
    <QtMoc Include="include\Export_KML.h">
      <Filter>Header Files</Filter>
    </QtMoc>
    <QtMoc Include="include\Geocoding.h">
      <Filter>Header Files</Filter>
    </QtMoc>
    <QtMoc Include="include\S1_swath_merge.h">
      <Filter>Header Files</Filter>
    </QtMoc>
    <QtMoc Include="include\S1_frame_merge.h">
      <Filter>Header Files</Filter>
    </QtMoc>
    <QtMoc Include="include\import_CSK.h">
      <Filter>Header Files</Filter>
    </QtMoc>
    <QtMoc Include="include\import_ALOS2.h">
      <Filter>Header Files</Filter>
    </QtMoc>
    <QtMoc Include="include\ALOS2ImportNode.h">
      <Filter>Header Files</Filter>
    </QtMoc>
    <QtMoc Include="include\GenericSARImportNode.h">
      <Filter>Header Files</Filter>
    </QtMoc>
    <QtMoc Include="include\GenericSARBatchImportNode.h">
      <Filter>Header Files</Filter>
    </QtMoc>
    <QtMoc Include="include\GeneralSARLoadingNode.h">
      <Filter>Header Files</Filter>
    </QtMoc>
    <QtMoc Include="include\SpeckleDenoiseNode.h">
      <Filter>Header Files</Filter>
    </QtMoc>
    <QtMoc Include="include\CoregistrationNode.h">
      <Filter>Header Files</Filter>
    </QtMoc>
    <QtMoc Include="include\CoregistrationWorker.h">
      <Filter>Header Files</Filter>
    </QtMoc>
    <QtMoc Include="include\BaselineWorker.h">
      <Filter>Header Files</Filter>
    </QtMoc>
    <QtMoc Include="include\BaselinePreviewNode.h">
      <Filter>Header Files</Filter>
    </QtMoc>
    <QtMoc Include="include\BaselineFormationNode.h">
      <Filter>Header Files</Filter>
    </QtMoc>
    <QtMoc Include="include\SBASTimeSeriesNode.h">
      <Filter>Header Files</Filter>
    </QtMoc>
    <QtMoc Include="include\SBASTimeSeriesWorker.h">
      <Filter>Header Files</Filter>
    </QtMoc>
    <QtMoc Include="include\SBASReferenceReselectionNode.h">
      <Filter>Header Files</Filter>
    </QtMoc>
    <QtMoc Include="include\SBASReferenceReselectionWorker.h">
      <Filter>Header Files</Filter>
    </QtMoc>
    <QtMoc Include="include\DeformationPreviewNode.h">
      <Filter>Header Files</Filter>
    </QtMoc>
    <QtMoc Include="include\ExportKMLNode.h">
      <Filter>Header Files</Filter>
    </QtMoc>
    <QtMoc Include="include\ExportKMLWorker.h">
      <Filter>Header Files</Filter>
    </QtMoc>
    <QtMoc Include="include\InterferometricFormationNode.h">
      <Filter>Header Files</Filter>
    </QtMoc>
    <QtMoc Include="include\InterferometricFormationWorker.h">
      <Filter>Header Files</Filter>
    </QtMoc>
    <QtMoc Include="include\DenoiseNode.h">
      <Filter>Header Files</Filter>
    </QtMoc>
    <QtMoc Include="include\DenoiseWorker.h">
      <Filter>Header Files</Filter>
    </QtMoc>
    <QtMoc Include="include\UnwrapNode.h">
      <Filter>Header Files</Filter>
    </QtMoc>
    <QtMoc Include="include\UnwrapWorker.h">
      <Filter>Header Files</Filter>
    </QtMoc>
    <QtMoc Include="include\DemNode.h">
      <Filter>Header Files</Filter>
    </QtMoc>
    <QtMoc Include="include\DemWorker.h">
      <Filter>Header Files</Filter>
    </QtMoc>
    <QtMoc Include="include\SLCDerampNode.h">
      <Filter>Header Files</Filter>
    </QtMoc>
    <QtMoc Include="include\SLCDerampWorker.h">
      <Filter>Header Files</Filter>
    </QtMoc>
    <QtMoc Include="include\TargetDetectionNode.h">
      <Filter>Header Files</Filter>
    </QtMoc>
    <QtMoc Include="include\ImageDisplayNode.h">
      <Filter>Header Files</Filter>
    </QtMoc>
    <QtMoc Include="include\LoggerNode.h">
      <Filter>Header Files</Filter>
    </QtMoc>
    <QtMoc Include="include\InSARLogManager.h">
      <Filter>Header Files</Filter>
    </QtMoc>
    <QtMoc Include="include\CutWorker.h">
      <Filter>Header Files</Filter>
    </QtMoc>
    <QtMoc Include="include\CutNode.h">
      <Filter>Header Files</Filter>
    </QtMoc>
    <QtMoc Include="include\CSKImportNode.h">
      <Filter>Header Files</Filter>
    </QtMoc>
    <QtMoc Include="include\S1SwathMergeNode.h">
      <Filter>Header Files</Filter>
    </QtMoc>
    <QtMoc Include="include\Sentinel1BatchImportNode.h">
      <Filter>Header Files</Filter>
    </QtMoc>
    <QtMoc Include="include\Sentinel1ImportNode.h">
      <Filter>Header Files</Filter>
    </QtMoc>
    <QtMoc Include="include\SLC_deramp.h">
      <Filter>Header Files</Filter>
    </QtMoc>
    <QtMoc Include="include\TestNodes.h">
      <Filter>Header Files</Filter>
    </QtMoc>
    <QtMoc Include="include\TSXBatchImportNode.h">
      <Filter>Header Files</Filter>
    </QtMoc>
    <QtMoc Include="include\TSXImportNode.h">
      <Filter>Header Files</Filter>
    </QtMoc>
    <QtMoc Include="include\ImportNodeBase.h">
      <Filter>Header Files</Filter>
    </QtMoc>
    <QtMoc Include="include\QtNodes\internal\Definitions.hpp">
      <Filter>QtNodes\Include</Filter>
    </QtMoc>
    <QtMoc Include="include\QtNodes\internal\AbstractGraphModel.hpp">
      <Filter>QtNodes\Include</Filter>
    </QtMoc>
    <QtMoc Include="include\QtNodes\internal\BasicGraphicsScene.hpp">
      <Filter>QtNodes\Include</Filter>
    </QtMoc>
    <QtMoc Include="include\QtNodes\internal\ConnectionGraphicsObject.hpp">
      <Filter>QtNodes\Include</Filter>
    </QtMoc>
    <QtMoc Include="include\QtNodes\internal\DataFlowGraphicsScene.hpp">
      <Filter>QtNodes\Include</Filter>
    </QtMoc>
    <QtMoc Include="include\QtNodes\internal\DataFlowGraphModel.hpp">
      <Filter>QtNodes\Include</Filter>
    </QtMoc>
    <QtMoc Include="include\QtNodes\internal\Definitions.hpp">
      <Filter>QtNodes\Include</Filter>
    </QtMoc>
    <QtMoc Include="include\QtNodes\internal\GraphicsView.hpp">
      <Filter>QtNodes\Include</Filter>
    </QtMoc>
    <QtMoc Include="include\QtNodes\internal\NodeDelegateModel.hpp">
      <Filter>QtNodes\Include</Filter>
    </QtMoc>
    <QtMoc Include="include\QtNodes\internal\NodeGraphicsObject.hpp">
      <Filter>QtNodes\Include</Filter>
    </QtMoc>
    <QtMoc Include="include\Registration_ui.h">
      <Filter>Header Files</Filter>
    </QtMoc>
    <QtMoc Include="include\reselection_view.h">
      <Filter>Header Files</Filter>
    </QtMoc>
    <QtMoc Include="include\S1_Deburst.h">
      <Filter>Header Files</Filter>
    </QtMoc>
    <QtMoc Include="include\S1_frame_merge.h">
      <Filter>Header Files</Filter>
    </QtMoc>
    <QtMoc Include="include\S1_swath_merge.h">
      <Filter>Header Files</Filter>
    </QtMoc>
    <QtMoc Include="include\S1DeburstNode.h">
      <Filter>Header Files</Filter>
    </QtMoc>
    <QtMoc Include="include\S1DeburstWorker.h">
      <Filter>Header Files</Filter>
    </QtMoc>
    <QtMoc Include="include\S1FrameMergeWorker.h">
      <Filter>Header Files</Filter>
    </QtMoc>
    <QtMoc Include="include\S1TopsBackGeocodingWorker.h">
      <Filter>Header Files</Filter>
    </QtMoc>
    <QtMoc Include="include\S1TopsBackGeocodingNode.h">
      <Filter>Header Files</Filter>
    </QtMoc>
    <QtMoc Include="include\S1FrameMergeNode.h">
      <Filter>Header Files</Filter>
    </QtMoc>
    <QtMoc Include="include\S1SwathMergeNode.h">
      <Filter>Header Files</Filter>
    </QtMoc>
    <QtMoc Include="include\S1SwathMergeWorker.h">
      <Filter>Header Files</Filter>
    </QtMoc>
    <QtMoc Include="include\Sentinel1BatchImportNode.h">
      <Filter>Header Files</Filter>
    </QtMoc>
    <QtMoc Include="include\Sentinel1ImportNode.h">
      <Filter>Header Files</Filter>
    </QtMoc>
    <QtMoc Include="include\NodeGroupManager.h">
      <Filter>Header Files</Filter>
    </QtMoc>
    <QtMoc Include="include\NoteNode.h">
      <Filter>Header Files</Filter>
    </QtMoc>
    <QtMoc Include="include\DockWidgets.h">
      <Filter>Header Files</Filter>
    </QtMoc>
    <QtMoc Include="include\NodeTreeWidget.h">
      <Filter>Header Files</Filter>
    </QtMoc>
    <QtMoc Include="include\ADS\ads_globals.h">
      <Filter>ADS\Include</Filter>
    </QtMoc>
    <QtMoc Include="include\ADS\AutoHideDockContainer.h">
      <Filter>ADS\Include</Filter>
    </QtMoc>
    <QtMoc Include="include\ADS\AutoHideSideBar.h">
      <Filter>ADS\Include</Filter>
    </QtMoc>
    <QtMoc Include="include\ADS\AutoHideTab.h">
      <Filter>ADS\Include</Filter>
    </QtMoc>
    <QtMoc Include="include\ADS\DockAreaTabBar.h">
      <Filter>ADS\Include</Filter>
    </QtMoc>
    <QtMoc Include="include\ADS\DockAreaTitleBar.h">
      <Filter>ADS\Include</Filter>
    </QtMoc>
    <QtMoc Include="include\ADS\DockAreaWidget.h">
      <Filter>ADS\Include</Filter>
    </QtMoc>
    <QtMoc Include="include\ADS\DockComponentsFactory.h">
      <Filter>ADS\Include</Filter>
    </QtMoc>
    <QtMoc Include="include\ADS\DockContainerWidget.h">
      <Filter>ADS\Include</Filter>
    </QtMoc>
    <QtMoc Include="include\ADS\DockFocusController.h">
      <Filter>ADS\Include</Filter>
    </QtMoc>
    <QtMoc Include="include\ADS\DockingStateReader.h">
      <Filter>ADS\Include</Filter>
    </QtMoc>
    <QtMoc Include="include\ADS\DockManager.h">
      <Filter>ADS\Include</Filter>
    </QtMoc>
    <QtMoc Include="include\ADS\DockOverlay.h">
      <Filter>ADS\Include</Filter>
    </QtMoc>
    <QtMoc Include="include\ADS\DockSplitter.h">
      <Filter>ADS\Include</Filter>
    </QtMoc>
    <QtMoc Include="include\ADS\DockWidget.h">
      <Filter>ADS\Include</Filter>
    </QtMoc>
    <QtMoc Include="include\ADS\DockWidgetTab.h">
      <Filter>ADS\Include</Filter>
    </QtMoc>
    <QtMoc Include="include\ADS\ElidingLabel.h">
      <Filter>ADS\Include</Filter>
    </QtMoc>
    <QtMoc Include="include\ADS\FloatingDockContainer.h">
      <Filter>ADS\Include</Filter>
    </QtMoc>
    <QtMoc Include="include\ADS\FloatingDragPreview.h">
      <Filter>ADS\Include</Filter>
    </QtMoc>
    <QtMoc Include="include\ADS\IconProvider.h">
      <Filter>ADS\Include</Filter>
    </QtMoc>
    <QtMoc Include="include\ADS\PushButton.h">
      <Filter>ADS\Include</Filter>
    </QtMoc>
    <QtMoc Include="include\ADS\ResizeHandle.h">
      <Filter>ADS\Include</Filter>
    </QtMoc>
    <QtMoc Include="include\ADS\DockAreaTitleBar_p.h">
      <Filter>ADS\Include</Filter>
    </QtMoc>
    <QtMoc Include="include\QtNodes\internal\ExecutableDataFlowGraphModel.hpp">
      <Filter>Header Files</Filter>
    </QtMoc>
    <QtMoc Include="include\QtNodes\internal\ExecutableNodeDelegateModel.hpp">
      <Filter>Header Files</Filter>
    </QtMoc>
    <QtMoc Include="include\QtNodes\internal\NodeDetailAnimationController.hpp">
      <Filter>Header Files</Filter>
    </QtMoc>
    <QtMoc Include="include\QtNodes\internal\NodeDetailOverlay.hpp">
      <Filter>Header Files</Filter>
    </QtMoc>
    <QtMoc Include="include\QtNodes\internal\NodeDetailWindow.hpp">
      <Filter>Header Files</Filter>
    </QtMoc>
    <QtMoc Include="include\SpeckleDenoise.h">
      <Filter>Header Files</Filter>
    </QtMoc>
    <QtMoc Include="include\ClutterSuppression.h">
      <Filter>Header Files</Filter>
    </QtMoc>
    <QtMoc Include="include\BatchTargetRecognition.h">
      <Filter>Header Files</Filter>
    </QtMoc>
    <QtMoc Include="include\TargetDetection.h">
      <Filter>Header Files</Filter>
    </QtMoc>
    <QtMoc Include="include\Import_GenericSAR.h">
      <Filter>Header Files</Filter>
    </QtMoc>
    <QtMoc Include="include\WorkflowUI.h">
      <Filter>Header Files</Filter>
    </QtMoc>
    <QtMoc Include="include\WorkspaceUI.h">
      <Filter>Header Files</Filter>
    </QtMoc>
    <QtMoc Include="include\IApplicationInterface.h">
      <Filter>Header Files</Filter>
    </QtMoc>
    <QtMoc Include="include\InterfaceManager.h">
      <Filter>Header Files</Filter>
    </QtMoc>
    <QtMoc Include="include\PaletteGraphicsView.h">
      <Filter>Header Files</Filter>
    </QtMoc>
    <QtMoc Include="include\WelcomeScreenUI.h">
      <Filter>Header Files</Filter>
    </QtMoc>
    <QtMoc Include="include\QtNodes\internal\CardExecutableNodeDelegateModel.hpp">
      <Filter>Header Files</Filter>
    </QtMoc>
    <QtMoc Include="include\ClutterSuppressionNode.h">
      <Filter>Header Files</Filter>
    </QtMoc>
    <QtMoc Include="include\EvaluationENLNode.h">
      <Filter>Header Files</Filter>
    </QtMoc>
    <QtMoc Include="include\EvaluationSCRNode.h">
      <Filter>Header Files</Filter>
    </QtMoc>
    <QtMoc Include="include\TargetDetectionTask.h">
      <Filter>Header Files</Filter>
    </QtMoc>
    <QtMoc Include="include\SpeckleDenoiseTask.h">
      <Filter>Header Files</Filter>
    </QtMoc>
    <QtMoc Include="include\ClutterSuppressionTask.h">
      <Filter>Header Files</Filter>
    </QtMoc>
    <QtMoc Include="include\GenericSARImportTask.h">
      <Filter>Header Files</Filter>
    </QtMoc>
  </ItemGroup>
  <ItemGroup>
    <QtUic Include="ui\Filter.ui">
      <Filter>Form Files</Filter>
    </QtUic>
    <QtUic Include="ui\ImportTsx.ui">
      <Filter>Form Files</Filter>
    </QtUic>
    <QtUic Include="ui\InterferometricFormation.ui">
      <Filter>Form Files</Filter>
    </QtUic>
    <QtUic Include="ui\MainWindow.ui">
      <Filter>Form Files</Filter>
    </QtUic>
    <QtUic Include="ui\NewProject.ui">
      <Filter>Form Files</Filter>
    </QtUic>
    <QtUic Include="ui\OpenProject.ui">
      <Filter>Form Files</Filter>
    </QtUic>
    <QtUic Include="ui\SatExplorer.ui">
      <Filter>Form Files</Filter>
    </QtUic>
    <QtUic Include="ui\Registration.ui">
      <Filter>Form Files</Filter>
    </QtUic>
    <QtUic Include="ui\Cut.ui">
      <Filter>Form Files</Filter>
    </QtUic>
    <QtUic Include="ui\Dem.ui">
      <Filter>Form Files</Filter>
    </QtUic>
    <QtUic Include="ui\Unwrap.ui">
      <Filter>Form Files</Filter>
    </QtUic>
    <QtUic Include="ui\ImportSentinel.ui">
      <Filter>Form Files</Filter>
    </QtUic>
    <QtUic Include="ui\Baseline.ui">
      <Filter>Form Files</Filter>
    </QtUic>
    <QtUic Include="ui\Coordinate.ui">
      <Filter>Form Files</Filter>
    </QtUic>
    <QtUic Include="ui\S1TopsBackGeocoding.ui">
      <Filter>Form Files</Filter>
    </QtUic>
    <QtUic Include="ui\S1Deburst.ui">
      <Filter>Form Files</Filter>
    </QtUic>
    <QtUic Include="ui\SlcDeramp.ui">
      <Filter>Form Files</Filter>
    </QtUic>
    <QtUic Include="ui\BaselineFormation.ui">
      <Filter>Form Files</Filter>
    </QtUic>
    <QtUic Include="ui\SbasTimeSeriesAnalysis.ui">
      <Filter>Form Files</Filter>
    </QtUic>
    <QtUic Include="ui\DeformationAverage.ui">
      <Filter>Form Files</Filter>
    </QtUic>
    <QtUic Include="ui\SbasReferenceReselection.ui">
      <Filter>Form Files</Filter>
    </QtUic>
    <QtUic Include="ui\ExportKml.ui">
      <Filter>Form Files</Filter>
    </QtUic>
    <QtUic Include="ui\Geocoding.ui">
      <Filter>Form Files</Filter>
    </QtUic>
    <QtUic Include="ui\S1SwathMerge.ui">
      <Filter>Form Files</Filter>
    </QtUic>
    <QtUic Include="ui\S1FrameMerge.ui">
      <Filter>Form Files</Filter>
    </QtUic>
    <QtUic Include="ui\ImportCsk.ui">
      <Filter>Form Files</Filter>
    </QtUic>
    <QtUic Include="ui\ImportAlos2.ui">
      <Filter>Form Files</Filter>
    </QtUic>
    <QtUic Include="ui\S1Deburst.ui">
      <Filter>Form Files</Filter>
    </QtUic>
    <QtUic Include="ui\S1FrameMerge.ui">
      <Filter>Form Files</Filter>
    </QtUic>
    <QtUic Include="ui\S1SwathMerge.ui">
      <Filter>Form Files</Filter>
    </QtUic>
    <QtUic Include="ui\SbasReferenceReselection.ui">
      <Filter>Form Files</Filter>
    </QtUic>
    <QtUic Include="ui\SbasTimeSeriesAnalysis.ui">
      <Filter>Form Files</Filter>
    </QtUic>
    <QtUic Include="ui\SlcDeramp.ui">
      <Filter>Form Files</Filter>
    </QtUic>
    <QtUic Include="ui\Unwrap.ui">
      <Filter>Form Files</Filter>
    </QtUic>
    <QtUic Include="ui\SpeckleDenoise.ui">
      <Filter>Form Files</Filter>
    </QtUic>
    <QtUic Include="ui\ClutterSuppression.ui">
      <Filter>Form Files</Filter>
    </QtUic>
    <QtUic Include="ui\BatchTargetRecognition.ui">
      <Filter>Form Files</Filter>
    </QtUic>
    <QtUic Include="ui\TargetDetection.ui">
      <Filter>Form Files</Filter>
    </QtUic>
    <QtUic Include="ui\ImportGenericSAR.ui">
      <Filter>Form Files</Filter>
    </QtUic>
  </ItemGroup>
  <ItemGroup>
    <ClInclude Include="include\tinystr.h">
      <Filter>Header Files</Filter>
    </ClInclude>
    <ClInclude Include="include\tinyxml.h">
      <Filter>Header Files</Filter>
    </ClInclude>
    <ClInclude Include="include\icon_source.h">
      <Filter>Header Files</Filter>
    </ClInclude>
    <ClInclude Include="include\InSAR_IPC.h">
      <Filter>Header Files</Filter>
    </ClInclude>
    <ClInclude Include="include\NodeDataTypes.h">
      <Filter>Header Files</Filter>
    </ClInclude>
    <ClInclude Include="include\NodeModels.h">
      <Filter>Header Files</Filter>
    </ClInclude>
    <ClInclude Include="include\ImportDataTypes.h">
      <Filter>Header Files</Filter>
    </ClInclude>
    <ClInclude Include="include\Sentinel1ImportHelper.h">
      <Filter>Header Files</Filter>
    </ClInclude>
    <ClInclude Include="include\QtNodes\internal\AbstractConnectionPainter.hpp">
      <Filter>QtNodes\Include</Filter>
    </ClInclude>
    <ClInclude Include="include\QtNodes\internal\AbstractNodeGeometry.hpp">
      <Filter>QtNodes\Include</Filter>
    </ClInclude>
    <ClInclude Include="include\QtNodes\internal\AbstractNodePainter.hpp">
      <Filter>QtNodes\Include</Filter>
    </ClInclude>
    <ClInclude Include="include\QtNodes\internal\ConnectionIdHash.hpp">
      <Filter>QtNodes\Include</Filter>
    </ClInclude>
    <ClInclude Include="include\QtNodes\internal\ConnectionIdUtils.hpp">
      <Filter>QtNodes\Include</Filter>
    </ClInclude>
    <ClInclude Include="include\QtNodes\internal\ConnectionState.hpp">
      <Filter>QtNodes\Include</Filter>
    </ClInclude>
    <ClInclude Include="include\QtNodes\internal\ConnectionStyle.hpp">
      <Filter>QtNodes\Include</Filter>
    </ClInclude>
    <ClInclude Include="include\QtNodes\internal\DefaultConnectionPainter.hpp">
      <Filter>QtNodes\Include</Filter>
    </ClInclude>
    <ClInclude Include="include\QtNodes\internal\DefaultHorizontalNodeGeometry.hpp">
      <Filter>QtNodes\Include</Filter>
    </ClInclude>
    <ClInclude Include="include\QtNodes\internal\DefaultNodePainter.hpp">
      <Filter>QtNodes\Include</Filter>
    </ClInclude>
    <ClInclude Include="include\QtNodes\internal\DefaultVerticalNodeGeometry.hpp">
      <Filter>QtNodes\Include</Filter>
    </ClInclude>
    <ClInclude Include="include\QtNodes\internal\Export.hpp">
      <Filter>QtNodes\Include</Filter>
    </ClInclude>
    <ClInclude Include="include\QtNodes\internal\GraphicsViewStyle.hpp">
      <Filter>QtNodes\Include</Filter>
    </ClInclude>
    <ClInclude Include="include\QtNodes\internal\locateNode.hpp">
      <Filter>QtNodes\Include</Filter>
    </ClInclude>
    <ClInclude Include="include\QtNodes\internal\NodeConnectionInteraction.hpp">
      <Filter>QtNodes\Include</Filter>
    </ClInclude>
    <ClInclude Include="include\QtNodes\internal\NodeData.hpp">
      <Filter>QtNodes\Include</Filter>
    </ClInclude>
    <ClInclude Include="include\QtNodes\internal\NodeDelegateModelRegistry.hpp">
      <Filter>QtNodes\Include</Filter>
    </ClInclude>
    <ClInclude Include="include\QtNodes\internal\NodeState.hpp">
      <Filter>QtNodes\Include</Filter>
    </ClInclude>
    <ClInclude Include="include\QtNodes\internal\NodeStyle.hpp">
      <Filter>QtNodes\Include</Filter>
    </ClInclude>
    <ClInclude Include="include\QtNodes\internal\OperatingSystem.hpp">
      <Filter>QtNodes\Include</Filter>
    </ClInclude>
    <ClInclude Include="include\QtNodes\internal\QUuidStdHash.hpp">
      <Filter>QtNodes\Include</Filter>
    </ClInclude>
    <ClInclude Include="include\QtNodes\internal\QStringStdHash.hpp">
      <Filter>QtNodes\Include</Filter>
    </ClInclude>
    <ClInclude Include="include\QtNodes\internal\Serializable.hpp">
      <Filter>QtNodes\Include</Filter>
    </ClInclude>
    <ClInclude Include="include\QtNodes\internal\Style.hpp">
      <Filter>QtNodes\Include</Filter>
    </ClInclude>
    <ClInclude Include="include\QtNodes\internal\StyleCollection.hpp">
      <Filter>QtNodes\Include</Filter>
    </ClInclude>
    <ClInclude Include="include\QtNodes\internal\UndoCommands.hpp">
      <Filter>QtNodes\Include</Filter>
    </ClInclude>
    <ClInclude Include="include\QtNodes\internal\ExecutableNodeGeometry.hpp">
      <Filter>QtNodes\Include</Filter>
    </ClInclude>
    <ClInclude Include="include\QtNodes\internal\ExecutableNodePainter.hpp">
      <Filter>QtNodes\Include</Filter>
    </ClInclude>
    <ClInclude Include="include\QtNodes\internal\NodeDataSnapshot.hpp">
      <Filter>QtNodes\Include</Filter>
    </ClInclude>
    <ClInclude Include="include\QtNodes\internal\NodeDataSnapshotHelper.hpp">
      <Filter>QtNodes\Include</Filter>
    </ClInclude>
    <ClInclude Include="resource.h">
      <Filter>Header Files</Filter>
    </ClInclude>
    <ClInclude Include="include\BM3DWrapper.h">
      <Filter>Header Files</Filter>
    </ClInclude>
    <ClInclude Include="include\bm3d.h">
      <Filter>Header Files</Filter>
    </ClInclude>
    <ClInclude Include="include\bm3d_wiener.h">
      <Filter>Header Files</Filter>
    </ClInclude>
    <ClInclude Include="include\global_define.h">
      <Filter>Header Files</Filter>
    </ClInclude>
    <ClInclude Include="include\group_3d.h">
      <Filter>Header Files</Filter>
    </ClInclude>
    <ClInclude Include="include\patch_2d.h">
      <Filter>Header Files</Filter>
    </ClInclude>
    <ClInclude Include="include\transform.h">
      <Filter>Header Files</Filter>
    </ClInclude>
    <ClInclude Include="include\basic2.h">
      <Filter>Header Files</Filter>
    </ClInclude>
    <ClInclude Include="include\diff_boxcount.h">
      <Filter>Header Files</Filter>
    </ClInclude>
  </ItemGroup>
  <ItemGroup>
    <Image Include="resources\icon\InSARapp.ico">
      <Filter>Resource Files</Filter>
    </Image>
  </ItemGroup>
  <ItemGroup>
    <None Include="resources\DefaultStyle.json">
      <Filter>Resource Files</Filter>
    </None>
    <None Include="resources\DefaultStyle_dark.json">
      <Filter>Resource Files</Filter>
    </None>
    <None Include="resources\DefaultStyle_fusion.json">
      <Filter>Resource Files</Filter>
    </None>
    <None Include="resources\DefaultStyle_light.json">
      <Filter>Resource Files</Filter>
    </None>
  </ItemGroup>
  <ItemGroup>
    <ResourceCompile Include="resources\SatExplorer.rc">
      <Filter>Resource Files</Filter>
    </ResourceCompile>
  </ItemGroup>
  <ItemGroup>
    <QtRcc Include="resources\SatExplorer.qrc">
      <Filter>Resource Files</Filter>
    </QtRcc>
    <QtRcc Include="ADS\ads.qrc">
      <Filter>ADS</Filter>
    </QtRcc>
  </ItemGroup>
</Project>